
Microsoft Visual Studio Solution File, Format Version 12.00
# Visual Studio Version 17
VisualStudioVersion = 17.2.32516.85
MinimumVisualStudioVersion = 10.0.40219.1
Project("{FAE04EC0-301F-11D3-BF4B-00C04F79EFBC}") = "ParkyAPI", "ParkyAPI\ParkyAPI.csproj", "{4E9B7AE4-58E8-4D8E-B809-1A111112DCBE}"
EndProject
Global
	GlobalSection(SolutionConfigurationPlatforms) = preSolution
		Debug|Any CPU = Debug|Any CPU
		Release|Any CPU = Release|Any CPU
	EndGlobalSection
	GlobalSection(ProjectConfigurationPlatforms) = postSolution
		{4E9B7AE4-58E8-4D8E-B809-1A111112DCBE}.Debug|Any CPU.ActiveCfg = Debug|Any CPU
		{4E9B7AE4-58E8-4D8E-B809-1A111112DCBE}.Debug|Any CPU.Build.0 = Debug|Any CPU
		{4E9B7AE4-58E8-4D8E-B809-1A111112DCBE}.Release|Any CPU.ActiveCfg = Release|Any CPU
		{4E9B7AE4-58E8-4D8E-B809-1A111112DCBE}.Release|Any CPU.Build.0 = Release|Any CPU
	EndGlobalSection
	GlobalSection(SolutionProperties) = preSolution
		HideSolutionNode = FALSE
	EndGlobalSection
	GlobalSection(ExtensibilityGlobals) = postSolution
		SolutionGuid = {80353EA1-77F8-45E1-852B-CE4ABB8FF107}
	EndGlobalSection
EndGlobal
